
Microsoft Visual Studio Solution File, Format Version 12.00
# Visual Studio Version 17
VisualStudioVersion = 17.0.31919.166
MinimumVisualStudioVersion = 10.0.40219.1
Project("{9A19103F-16F7-4668-BE54-9A1E7A4F7556}") = "Demonstrativo", "Demonstrativo\Demonstrativo.csproj", "{6DC57FAA-CCFF-40C3-B3F4-F6665D14F1E7}"
EndProject
Project("{FAE04EC0-301F-11D3-BF4B-00C04F79EFBC}") = "Demonstrativo.Dados", "Demonstrativo.Dados\Demonstrativo.Dados.csproj", "{C814F968-8510-43A9-8DCB-0E35F21E3886}"
EndProject
Project("{FAE04EC0-301F-11D3-BF4B-00C04F79EFBC}") = "Demonstrativo.Dominio", "Demonstrativo.Dominio\Demonstrativo.Dominio.csproj", "{994AE828-19FB-4A67-B8F1-796B6AE859D7}"
EndProject
Global
	GlobalSection(SolutionConfigurationPlatforms) = preSolution
		Debug|Any CPU = Debug|Any CPU
		Release|Any CPU = Release|Any CPU
	EndGlobalSection
	GlobalSection(ProjectConfigurationPlatforms) = postSolution
		{6DC57FAA-CCFF-40C3-B3F4-F6665D14F1E7}.Debug|Any CPU.ActiveCfg = Debug|Any CPU
		{6DC57FAA-CCFF-40C3-B3F4-F6665D14F1E7}.Debug|Any CPU.Build.0 = Debug|Any CPU
		{6DC57FAA-CCFF-40C3-B3F4-F6665D14F1E7}.Release|Any CPU.ActiveCfg = Release|Any CPU
		{6DC57FAA-CCFF-40C3-B3F4-F6665D14F1E7}.Release|Any CPU.Build.0 = Release|Any CPU
		{C814F968-8510-43A9-8DCB-0E35F21E3886}.Debug|Any CPU.ActiveCfg = Debug|Any CPU
		{C814F968-8510-43A9-8DCB-0E35F21E3886}.Debug|Any CPU.Build.0 = Debug|Any CPU
		{C814F968-8510-43A9-8DCB-0E35F21E3886}.Release|Any CPU.ActiveCfg = Release|Any CPU
		{C814F968-8510-43A9-8DCB-0E35F21E3886}.Release|Any CPU.Build.0 = Release|Any CPU
		{994AE828-19FB-4A67-B8F1-796B6AE859D7}.Debug|Any CPU.ActiveCfg = Debug|Any CPU
		{994AE828-19FB-4A67-B8F1-796B6AE859D7}.Debug|Any CPU.Build.0 = Debug|Any CPU
		{994AE828-19FB-4A67-B8F1-796B6AE859D7}.Release|Any CPU.ActiveCfg = Release|Any CPU
		{994AE828-19FB-4A67-B8F1-796B6AE859D7}.Release|Any CPU.Build.0 = Release|Any CPU
	EndGlobalSection
	GlobalSection(SolutionProperties) = preSolution
		HideSolutionNode = FALSE
	EndGlobalSection
	GlobalSection(ExtensibilityGlobals) = postSolution
		SolutionGuid = {E3031764-F163-49A7-9B8B-EEB4275CDA33}
	EndGlobalSection
EndGlobal
